{
  "version": 4,
  "terraform_version": "1.3.9",
  "serial": 91,
  "lineage": "22ad9826-3480-15ac-452e-fb82aa870426",
  "outputs": {},
  "resources": [
    {
      "mode": "managed",
      "type": "aws_s3_bucket",
      "name": "s3-b-1",
      "provider": "provider[\"registry.terraform.io/hashicorp/aws\"]",
      "instances": [
        {
          "schema_version": 0,
          "attributes": {
            "acceleration_status": "",
            "acl": null,
            "arn": "arn:aws:s3:::this-is-lrl-bucket-01",
            "bucket": "this-is-lrl-bucket-01",
            "bucket_domain_name": "this-is-lrl-bucket-01.s3.amazonaws.com",
            "bucket_prefix": null,
            "bucket_regional_domain_name": "this-is-lrl-bucket-01.s3.us-west-2.amazonaws.com",
            "cors_rule": [],
            "force_destroy": true,
            "grant": [
              {
                "id": "ed5ec5c22996c2543a984d2c413839478aeae208fdb98566a44dbe525273ac51",
                "permissions": [
                  "FULL_CONTROL"
                ],
                "type": "CanonicalUser",
                "uri": ""
              }
            ],
            "hosted_zone_id": "Z3BJ6K6RIION7M",
            "id": "this-is-lrl-bucket-01",
            "lifecycle_rule": [
              {
                "abort_incomplete_multipart_upload_days": 0,
                "enabled": true,
                "expiration": [
                  {
                    "date": "",
                    "days": 60,
                    "expired_object_delete_marker": false
                  }
                ],
                "id": "archival",
                "noncurrent_version_expiration": [],
                "noncurrent_version_transition": [],
                "prefix": "/",
                "tags": {
                  "autoclean": "true",
                  "rule": "archival"
                },
                "transition": [
                  {
                    "date": "",
                    "days": 30,
                    "storage_class": "STANDARD_IA"
                  }
                ]
              }
            ],
            "logging": [],
            "object_lock_configuration": [],
            "object_lock_enabled": false,
            "policy": "",
            "region": "us-west-2",
            "replication_configuration": [],
            "request_payer": "BucketOwner",
            "server_side_encryption_configuration": [
              {
                "rule": [
                  {
                    "apply_server_side_encryption_by_default": [
                      {
                        "kms_master_key_id": "",
                        "sse_algorithm": "AES256"
                      }
                    ],
                    "bucket_key_enabled": false
                  }
                ]
              }
            ],
            "tags": {
              "Environment": "Dev",
              "Name": "s3bucket-2617a8d30c33eae7-Dev"
            },
            "tags_all": {
              "Environment": "Dev",
              "Name": "s3bucket-2617a8d30c33eae7-Dev"
            },
            "timeouts": null,
            "versioning": [
              {
                "enabled": false,
                "mfa_delete": false
              }
            ],
            "website": [],
            "website_domain": null,
            "website_endpoint": null
          },
          "sensitive_attributes": [],
          "private": "eyJlMmJmYjczMC1lY2FhLTExZTYtOGY4OC0zNDM2M2JjN2M0YzAiOnsiY3JlYXRlIjoxMjAwMDAwMDAwMDAwLCJkZWxldGUiOjM2MDAwMDAwMDAwMDAsInJlYWQiOjEyMDAwMDAwMDAwMDAsInVwZGF0ZSI6MTIwMDAwMDAwMDAwMH19",
          "dependencies": [
            "random_id.s3-id-gen"
          ]
        }
      ]
    },
    {
      "mode": "managed",
      "type": "random_id",
      "name": "s3-id-gen",
      "provider": "provider[\"registry.terraform.io/hashicorp/random\"]",
      "instances": [
        {
          "schema_version": 0,
          "attributes": {
            "b64_std": "Jheo0wwz6uc=",
            "b64_url": "Jheo0wwz6uc",
            "byte_length": 8,
            "dec": "2744848122301901543",
            "hex": "2617a8d30c33eae7",
            "id": "Jheo0wwz6uc",
            "keepers": null,
            "prefix": null
          },
          "sensitive_attributes": []
        }
      ]
    }
  ],
  "check_results": null
}
